{
    "_meta": {
        "hash": {
            "sha256": "d4f316775c80a98ef054f0c69c376e712ea1c4caf0f5e6284dca8a4003fce794"
        },
        "pipfile-spec": 6,
        "requires": {
            "python_version": "3.9"
        },
        "sources": [
            {
                "name": "pypi",
                "url": "https://pypi.org/simple",
                "verify_ssl": true
            }
        ]
    },
    "default": {
        "asgiref": {
            "hashes": [
                "sha256:4ef1ab46b484e3c706329cedeff284a5d40824200638503f5768edb6de7d58e9",
                "sha256:ffc141aa908e6f175673e7b1b3b7af4fdb0ecb738fc5c8b88f69f055c2415214"
            ],
            "markers": "python_version >= '3.6'",
            "version": "==3.4.1"
        },
        "blis": {
            "hashes": [
                "sha256:168fd7bd763ebe529aa25a066d3a6b89f4c3f492f6297f881df6942741b95787",
                "sha256:4222bbc7b9c47bc3cf6f36f2241862c1512ca7ebac3828267a2e05ef6c47fc54",
                "sha256:445e4838b809e99677f5c0982fb9af320f0d91328fb28c8097e5f1173c4df9d6",
                "sha256:5b403deb2ad5515e1edb3c0867bccb5b974b461f24283d9219a3a761fd6dacc6",
                "sha256:5c1a2023f7d8431daa8d87d32f539bb23e1a009500c37f9eba0ac7b3f20f73eb",
                "sha256:5ecddc4c6daf80558154b091db0a9839bb15dbe65d2906a543a73b93fbce4f73",
                "sha256:6814991b3e3193db4f9b2417174c6f24b9c0197409d864fa7628583bd2df1f0f",
                "sha256:78a8e0ee72a42c3b2f5b9114500a781119995f76fa6c21d4b02c6fb9c21df2cc",
                "sha256:7daa615a97d4f28db0f332b710bfe1900b15d0c25841c6d727965e4fd91e09cf",
                "sha256:94890b2296f1449baa56aede46627ea7fc8de11c788f9c261ee38c2eb4a2cc7d",
                "sha256:9f9b829480c12fc834549306821e5c51cb28b216ca5f88c5b2cfedbeb9daf67d",
                "sha256:c2d8064217c326dd9a0dcbae294ffe8557263e2a00d76101ffa222b9c9d9c62d",
                "sha256:d717b5dea407aac89a646908e7d9849105abab9c88a539c120518c200f899f4e"
            ],
            "version": "==0.7.4"
        },
        "catalogue": {
            "hashes": [
                "sha256:6ce41a082512c6e42916a2f31d1d9df72e506f35f84e045800bfe93d4fcbb22d",
                "sha256:fdc6ce61590d5002c9aa4c7eb15e9a17a64adc51654151a197c658619e5b6857"
            ],
            "markers": "python_version >= '3.6'",
            "version": "==2.0.5"
        },
        "certifi": {
            "hashes": [
                "sha256:2bbf76fd432960138b3ef6dda3dde0544f27cbf8546c458e60baf371917ba9ee",
                "sha256:50b1e4f8446b06f41be7dd6338db18e0990601dce795c2b1686458aa7e8fa7d8"
            ],
            "version": "==2021.5.30"
        },
        "charset-normalizer": {
            "hashes": [
                "sha256:0c8911edd15d19223366a194a513099a302055a962bca2cec0f54b8b63175d8b",
                "sha256:f23667ebe1084be45f6ae0538e4a5a865206544097e4e8bbcacf42cd02a348f3"
            ],
            "markers": "python_version >= '3'",
            "version": "==2.0.4"
        },
        "click": {
            "hashes": [
                "sha256:d2b5255c7c6349bc1bd1e59e08cd12acbbd63ce649f2588755783aa94dfb6b1a",
                "sha256:dacca89f4bfadd5de3d7489b7c8a566eee0d3676333fbb50030263894c38c0dc"
            ],
            "markers": "python_version >= '2.7' and python_version not in '3.0, 3.1, 3.2, 3.3, 3.4'",
            "version": "==7.1.2"
        },
        "cmake": {
            "hashes": [
                "sha256:1cf061e78e9a16f7f40f768f12d806483fe0eee7c1f9eeb4766610cb9122cb73",
                "sha256:1d637b7153d337c118df79aca9189f8c44d4200f0c99d2aaf021d7696a535f9a",
                "sha256:2fc534f714347c2bfca7b15a0004f224f61164658130f33402341e10a5188658",
                "sha256:4b8c1810b2defc30b35b8973aec5d8055038fde1e9df984812e09a290d4b65a3",
                "sha256:9e21f75ba51b04f7fa8cbf6965bfb194db32f4b04eb7757c312a621c0a4dd847",
                "sha256:a3f32247ef6000616585ab847bcb367787606ad33ab34f64dcfc85d304dafea9",
                "sha256:aaea4911f6fccaf5a84110b2c9d4b5d99e9792112199ca25408c635bd2fd8584",
                "sha256:caa81c3f3985b552bc2e38fb339ba84c0c237441d508f4de01d44a2948eddd36",
                "sha256:e000ef5d4893ceaec852f468d6adc7698ca08ebaecb6df38d81ceed32b4ad9e3"
            ],
            "index": "pypi",
            "version": "==3.21.1.post1"
        },
        "cymem": {
            "hashes": [
                "sha256:01d3ea159f7a3f3192b1e800ed8207dac7586794d903a153198b9ea317f144bc",
                "sha256:190e15d9cf2c3bde60ae37bddbae6568a36044dc4a326d84081a5fa08818eee0",
                "sha256:1f0eb9b3d03623dcfc746cf8bff0663b0e347f4aea759965c8932087a0307ee9",
                "sha256:3d48902d7441645835fefc7832df49feb5362c7300d182475b63a01d25ae44ef",
                "sha256:4bd023c2477198b39b660c2a6b0242880649765ecee8461688a57fd4afd2bfc0",
                "sha256:734d82d0d03c2ceb929bc1744c04dbe0a105e68a4947c8406056a36f86c41830",
                "sha256:8ea57e6923f40eb51012352161bb5707c14a5a5ce901ff72021e59df06221655",
                "sha256:9d72d69f7a62a280199c3aa7bc550685c47d6d0689b2d299e6492253b86d2437",
                "sha256:a440d63577fcdc9c528c9cc026b7b4f8648193bac462bc0596c9eac10f9fba62",
                "sha256:ce1e81c1d031f56b67bac2136e73b4512cbc794706cd570178972d54ba6115d8",
                "sha256:d19f68b90411e02ab33b1654118337f96f41c13a3cd00c4f44f7abed2bc712e7",
                "sha256:d307f7f6230d861a938837cae4b855226b6845a21c010242a15e9ce6853856cd",
                "sha256:f2167c9959fcd639b95d51fa5efaa7c61eef8d686cb75a25412a914f428ce980"
            ],
            "version": "==2.0.5"
        },
        "fastapi": {
            "hashes": [
                "sha256:c9256a89b0436223b45f53fe3a39b178f3da6be5841a2c59deedff4b676d003f",
                "sha256:f4dba2596b1e0a1f962834c3b9ec4291a7aec387a1031c6c2e25bf239d27fd0f"
            ],
            "index": "pypi",
            "version": "==0.68.0"
        },
        "filelock": {
            "hashes": [
                "sha256:18d82244ee114f543149c66a6e0c14e9c4f8a1044b5cdaadd0f82159d6a6ff59",
                "sha256:929b7d63ec5b7d6b71b0fa5ac14e030b3f70b75747cef1b10da9b879fef15836"
            ],
            "version": "==3.0.12"
        },
        "h11": {
            "hashes": [
                "sha256:36a3cb8c0a032f56e2da7084577878a035d3b61d104230d4bd49c0c6b555a9c6",
                "sha256:47222cb6067e4a307d535814917cd98fd0a57b6788ce715755fa2b6c28b56042"
            ],
            "markers": "python_version >= '3.6'",
            "version": "==0.12.0"
        },
        "huggingface-hub": {
            "hashes": [
                "sha256:b2be42a78f12bf1f9b7cc85a0a219ba067ac092311d5a9abee850b7b62bfc8ab",
                "sha256:c6afe573b43edc91856538bbfdb8003096302bdb0944553b664941c4f5305c74"
            ],
            "markers": "python_version >= '3.6'",
            "version": "==0.0.15"
        },
        "idna": {
            "hashes": [
                "sha256:14475042e284991034cb48e06f6851428fb14c4dc953acd9be9a5e95c7b6dd7a",
                "sha256:467fbad99067910785144ce333826c71fb0e63a425657295239737f7ecd125f3"
            ],
            "markers": "python_version >= '3'",
            "version": "==3.2"
        },
        "jinja2": {
            "hashes": [
                "sha256:1f06f2da51e7b56b8f238affdd6b4e2c61e39598a378cc49345bc1bd42a978a4",
                "sha256:703f484b47a6af502e743c9122595cc812b0271f661722403114f71a79d0f5a4"
            ],
            "markers": "python_version >= '3.6'",
            "version": "==3.0.1"
        },
        "joblib": {
            "hashes": [
                "sha256:9c17567692206d2f3fb9ecf5e991084254fe631665c450b443761c4186a613f7",
                "sha256:feeb1ec69c4d45129954f1b7034954241eedfd6ba39b5e9e4b6883be3332d5e5"
            ],
            "markers": "python_version >= '3.6'",
            "version": "==1.0.1"
        },
        "markupsafe": {
            "hashes": [
                "sha256:01a9b8ea66f1658938f65b93a85ebe8bc016e6769611be228d797c9d998dd298",
                "sha256:023cb26ec21ece8dc3907c0e8320058b2e0cb3c55cf9564da612bc325bed5e64",
                "sha256:0446679737af14f45767963a1a9ef7620189912317d095f2d9ffa183a4d25d2b",
                "sha256:0717a7390a68be14b8c793ba258e075c6f4ca819f15edfc2a3a027c823718567",
                "sha256:0955295dd5eec6cb6cc2fe1698f4c6d84af2e92de33fbcac4111913cd100a6ff",
                "sha256:0d4b31cc67ab36e3392bbf3862cfbadac3db12bdd8b02a2731f509ed5b829724",
                "sha256:10f82115e21dc0dfec9ab5c0223652f7197feb168c940f3ef61563fc2d6beb74",
                "sha256:168cd0a3642de83558a5153c8bd34f175a9a6e7f6dc6384b9655d2697312a646",
                "sha256:1d609f577dc6e1aa17d746f8bd3c31aa4d258f4070d61b2aa5c4166c1539de35",
                "sha256:1f2ade76b9903f39aa442b4aadd2177decb66525062db244b35d71d0ee8599b6",
                "sha256:2a7d351cbd8cfeb19ca00de495e224dea7e7d919659c2841bbb7f420ad03e2d6",
                "sha256:2d7d807855b419fc2ed3e631034685db6079889a1f01d5d9dac950f764da3dad",
                "sha256:2ef54abee730b502252bcdf31b10dacb0a416229b72c18b19e24a4509f273d26",
                "sha256:36bc903cbb393720fad60fc28c10de6acf10dc6cc883f3e24ee4012371399a38",
                "sha256:37205cac2a79194e3750b0af2a5720d95f786a55ce7df90c3af697bfa100eaac",
                "sha256:3c112550557578c26af18a1ccc9e090bfe03832ae994343cfdacd287db6a6ae7",
                "sha256:3dd007d54ee88b46be476e293f48c85048603f5f516008bee124ddd891398ed6",
                "sha256:47ab1e7b91c098ab893b828deafa1203de86d0bc6ab587b160f78fe6c4011f75",
                "sha256:49e3ceeabbfb9d66c3aef5af3a60cc43b85c33df25ce03d0031a608b0a8b2e3f",
                "sha256:4efca8f86c54b22348a5467704e3fec767b2db12fc39c6d963168ab1d3fc9135",
                "sha256:53edb4da6925ad13c07b6d26c2a852bd81e364f95301c66e930ab2aef5b5ddd8",
                "sha256:5855f8438a7d1d458206a2466bf82b0f104a3724bf96a1c781ab731e4201731a",
                "sha256:594c67807fb16238b30c44bdf74f36c02cdf22d1c8cda91ef8a0ed8dabf5620a",
                "sha256:5bb28c636d87e840583ee3adeb78172efc47c8b26127267f54a9c0ec251d41a9",
                "sha256:60bf42e36abfaf9aff1f50f52644b336d4f0a3fd6d8a60ca0d054ac9f713a864",
                "sha256:611d1ad9a4288cf3e3c16014564df047fe08410e628f89805e475368bd304914",
                "sha256:6557b31b5e2c9ddf0de32a691f2312a32f77cd7681d8af66c2692efdbef84c18",
                "sha256:693ce3f9e70a6cf7d2fb9e6c9d8b204b6b39897a2c4a1aa65728d5ac97dcc1d8",
                "sha256:6a7fae0dd14cf60ad5ff42baa2e95727c3d81ded453457771d02b7d2b3f9c0c2",
                "sha256:6c4ca60fa24e85fe25b912b01e62cb969d69a23a5d5867682dd3e80b5b02581d",
                "sha256:6fcf051089389abe060c9cd7caa212c707e58153afa2c649f00346ce6d260f1b",
                "sha256:7d91275b0245b1da4d4cfa07e0faedd5b0812efc15b702576d103293e252af1b",
                "sha256:905fec760bd2fa1388bb5b489ee8ee5f7291d692638ea5f67982d968366bef9f",
                "sha256:97383d78eb34da7e1fa37dd273c20ad4320929af65d156e35a5e2d89566d9dfb",
                "sha256:984d76483eb32f1bcb536dc27e4ad56bba4baa70be32fa87152832cdd9db0833",
                "sha256:99df47edb6bda1249d3e80fdabb1dab8c08ef3975f69aed437cb69d0a5de1e28",
                "sha256:a30e67a65b53ea0a5e62fe23682cfe22712e01f453b95233b25502f7c61cb415",
                "sha256:ab3ef638ace319fa26553db0624c4699e31a28bb2a835c5faca8f8acf6a5a902",
                "sha256:add36cb2dbb8b736611303cd3bfcee00afd96471b09cda130da3581cbdc56a6d",
                "sha256:b2f4bf27480f5e5e8ce285a8c8fd176c0b03e93dcc6646477d4630e83440c6a9",
                "sha256:b7f2d075102dc8c794cbde1947378051c4e5180d52d276987b8d28a3bd58c17d",
                "sha256:baa1a4e8f868845af802979fcdbf0bb11f94f1cb7ced4c4b8a351bb60d108145",
                "sha256:be98f628055368795d818ebf93da628541e10b75b41c559fdf36d104c5787066",
                "sha256:bf5d821ffabf0ef3533c39c518f3357b171a1651c1ff6827325e4489b0e46c3c",
                "sha256:c47adbc92fc1bb2b3274c4b3a43ae0e4573d9fbff4f54cd484555edbf030baf1",
                "sha256:d7f9850398e85aba693bb640262d3611788b1f29a79f0c93c565694658f4071f",
                "sha256:d8446c54dc28c01e5a2dbac5a25f071f6653e6e40f3a8818e8b45d790fe6ef53",
                "sha256:e0f138900af21926a02425cf736db95be9f4af72ba1bb21453432a07f6082134",
                "sha256:e9936f0b261d4df76ad22f8fee3ae83b60d7c3e871292cd42f40b81b70afae85",
                "sha256:f5653a225f31e113b152e56f154ccbe59eeb1c7487b39b9d9f9cdb58e6c79dc5",
                "sha256:f826e31d18b516f653fe296d967d700fddad5901ae07c622bb3705955e1faa94",
                "sha256:f8ba0e8349a38d3001fae7eadded3f6606f0da5d748ee53cc1dab1d6527b9509",
                "sha256:f9081981fe268bd86831e5c75f7de206ef275defcb82bc70740ae6dc507aee51",
                "sha256:fa130dd50c57d53368c9d59395cb5526eda596d3ffe36666cd81a44d56e48872"
            ],
            "markers": "python_version >= '3.6'",
            "version": "==2.0.1"
        },
        "murmurhash": {
            "hashes": [
                "sha256:023391cfefe584ac544c1ea0936976c0119b17dd27bb8280652cef1704f76428",
                "sha256:23c56182822a1ed88e2a098ac56958dfec380696a9a943df203b9b41e4bcf5e4",
                "sha256:76251513a2acad6c2e4b7aeffc5fcb807ee97a66cad5c2990557556555a6b7e9",
                "sha256:81474a45c4074637a6dfc8fea4cdebf091ab5aa781c2cfcb94c43b16030badd7",
                "sha256:8381172e03c5f6f947005fb146a53c5e5a9e0d630be4a40cbf8838e9324bfe1c",
                "sha256:892749023da26420d194f37bfa30df1368aaac0149cfa3b2105db36b66549e37",
                "sha256:98ec9d727bd998a35385abd56b062cf0cca216725ea7ec5068604ab566f7e97f",
                "sha256:99e55488476a5f70e8d305fd31258f140e52f724f788bcc50c31ec846a2b3766",
                "sha256:a9bd2312996e6e47605af305a1e5f091eba1bdd637cdd9986aec4885cb4c5530",
                "sha256:add366944eb8ec73013a4f36e166c5a4f0f7628ffe1746bc5fe031347489e5e8",
                "sha256:b9292c532538cf47846ca81056cfeab08b877c35fe7521d6524aa92ddcd833e2",
                "sha256:d4c3a0242014cf4c84e9ea0ba3f13b48f02a3992de3da7b1116d11b816451195",
                "sha256:d58315961dc5a5e740f41f2ac5c3a0ebc61ef472f8afeb4db7eeb3b863243105",
                "sha256:ef8819d15973e0d6f69688bafc097a1fae081675c1de39807028869a1320b1a9",
                "sha256:f00321998f0a6bad3fd068babf448a296d4b0b1f4dd424cab863ebe5ed54182f",
                "sha256:fd17973fd4554715efd8d86b3e9200358e49e437fdb92a897ca127aced48b61c",
                "sha256:fed7578fbaa6c301f27ed80834c1f7494ea7d335e269e98b9aee477cf0b3b487"
            ],
            "version": "==1.0.5"
        },
        "numpy": {
            "hashes": [
                "sha256:09858463db6dd9f78b2a1a05c93f3b33d4f65975771e90d2cf7aadb7c2f66edf",
                "sha256:209666ce9d4a817e8a4597cd475b71b4878a85fa4b8db41d79fdb4fdee01dde2",
                "sha256:298156f4d3d46815eaf0fcf0a03f9625fc7631692bd1ad851517ab93c3168fc6",
                "sha256:30fc68307c0155d2a75ad19844224be0f2c6f06572d958db4e2053f816b859ad",
                "sha256:423216d8afc5923b15df86037c6053bf030d15cc9e3224206ef868c2d63dd6dc",
                "sha256:426a00b68b0d21f2deb2ace3c6d677e611ad5a612d2c76494e24a562a930c254",
                "sha256:466e682264b14982012887e90346d33435c984b7fead7b85e634903795c8fdb0",
                "sha256:51a7b9db0a2941434cd930dacaafe0fc9da8f3d6157f9d12f761bbde93f46218",
                "sha256:52a664323273c08f3b473548bf87c8145b7513afd63e4ebba8496ecd3853df13",
                "sha256:550564024dc5ceee9421a86fc0fb378aa9d222d4d0f858f6669eff7410c89bef",
                "sha256:5de64950137f3a50b76ce93556db392e8f1f954c2d8207f78a92d1f79aa9f737",
                "sha256:640c1ccfd56724f2955c237b6ccce2e5b8607c3bc1cc51d3933b8c48d1da3723",
                "sha256:7fdc7689daf3b845934d67cb221ba8d250fdca20ac0334fea32f7091b93f00d3",
                "sha256:805459ad8baaf815883d0d6f86e45b3b0b67d823a8f3fa39b1ed9c45eaf5edf1",
                "sha256:92a0ab128b07799dd5b9077a9af075a63467d03ebac6f8a93e6440abfea4120d",
                "sha256:9f2dc79c093f6c5113718d3d90c283f11463d77daa4e83aeeac088ec6a0bda52",
                "sha256:a5109345f5ce7ddb3840f5970de71c34a0ff7fceb133c9441283bb8250f532a3",
                "sha256:a55e4d81c4260386f71d22294795c87609164e22b28ba0d435850fbdf82fc0c5",
                "sha256:a9da45b748caad72ea4a4ed57e9cd382089f33c5ec330a804eb420a496fa760f",
                "sha256:b160b9a99ecc6559d9e6d461b95c8eec21461b332f80267ad2c10394b9503496",
                "sha256:b342064e647d099ca765f19672696ad50c953cac95b566af1492fd142283580f",
                "sha256:b5e8590b9245803c849e09bae070a8e1ff444f45e3f0bed558dd722119eea724",
                "sha256:bf75d5825ef47aa51d669b03ce635ecb84d69311e05eccea083f31c7570c9931",
                "sha256:c01b59b33c7c3ba90744f2c695be571a3bd40ab2ba7f3d169ffa6db3cfba614f",
                "sha256:d96a6a7d74af56feb11e9a443150216578ea07b7450f7c05df40eec90af7f4a7",
                "sha256:dd0e3651d210068d13e18503d75aaa45656eef51ef0b261f891788589db2cc38",
                "sha256:e167b9805de54367dcb2043519382be541117503ce99e3291cc9b41ca0a83557",
                "sha256:e42029e184008a5fd3d819323345e25e2337b0ac7f5c135b7623308530209d57",
                "sha256:f545c082eeb09ae678dd451a1b1dbf17babd8a0d7adea02897a76e639afca310",
                "sha256:fde50062d67d805bc96f1a9ecc0d37bfc2a8f02b937d2c50824d186aa91f2419"
            ],
            "index": "pypi",
            "version": "==1.21.2"
        },
        "packaging": {
            "hashes": [
                "sha256:7dc96269f53a4ccec5c0670940a4281106dd0bb343f47b7471f779df49c2fbe7",
                "sha256:c86254f9220d55e31cc94d69bade760f0847da8000def4dfe1c6b872fd14ff14"
            ],
            "markers": "python_version >= '3.6'",
            "version": "==21.0"
        },
        "pathy": {
            "hashes": [
                "sha256:bffa0bd74c66575cf51c96d3ab312f34d08d6bff54aabb8c7a2b9f8b701fe6ef",
                "sha256:f83f1eddf77dd86e824143eef8d9adbe0785c3cdd5ec0ed6c0edea3227385048"
            ],
            "markers": "python_version >= '3.6'",
            "version": "==0.6.0"
        },
        "preshed": {
            "hashes": [
                "sha256:12cbe1e378b4f1c6b06f5e4130408befe916e55ea1616e6aa63c5cd0ccd9c927",
                "sha256:1bdededa7fd81f26a42bc9d11d542657c74746b7ea7fc2b2ca6d0ddbf1f93792",
                "sha256:1ce0846cb7ebb2ea913d44ec2e296098c285443ecdea80ddf02656bbef4deacb",
                "sha256:30f0c8ea85113d0565a1e3eb6222d00513ec39b56f3f9a2615e304575e65422e",
                "sha256:56b9603517bb2a364418163236d6a147a1d722ff7546cbe085e76e25ae118e89",
                "sha256:572899224578d30f6a67fadecb3d62b824866b4d2b6bad73f71abf7585db1389",
                "sha256:5e06a49477bd257eea02bf823b5d3e201d00a19d6976523a58da8606b2358481",
                "sha256:67c11e384ce4c008bc487ba3a29bafdfe038b9a2546ccfe0fe2160480b356fed",
                "sha256:6e833f1632a1d0232bdc6df6c3542fb130ef044d8656b24576d9fd19e5f1e0d1",
                "sha256:6f126bcc414a0304b54956f9dac2628a0f9bef1657d1b3a3837fc82b791aa2a1",
                "sha256:85074eebf90a858a6b68242f1ae265ca99e1af45bf9dafcb9a83d49b0815a2e1",
                "sha256:8a3adffde3126c2a0ab7d57cab1d605cb5f63da1ba88088ad3cf8debfd9aa4dc",
                "sha256:8a560850b8c53c1487ba51c2b0f5769535512b36d3b129ad5796b64653abe2f9",
                "sha256:9ebf444f8487782c84d7b5acb1d7195e603155882fafc4697344199eeeafbe5f",
                "sha256:c6d3dba39ed5059aaf99767017b9568c75b2d0780c3481e204b1daecde00360e",
                "sha256:ca4a7681b643b8356e7dfdab9cf668b2b34bd07ef4b09ebed44c8aeb3b1626ee",
                "sha256:fb4d2e82add82d63b2c97802b759a58ff200d06b632e2edc48a9ced1e6472faf"
            ],
            "version": "==3.0.5"
        },
        "pydantic": {
            "hashes": [
                "sha256:021ea0e4133e8c824775a0cfe098677acf6fa5a3cbf9206a376eed3fc09302cd",
                "sha256:05ddfd37c1720c392f4e0d43c484217b7521558302e7069ce8d318438d297739",
                "sha256:05ef5246a7ffd2ce12a619cbb29f3307b7c4509307b1b49f456657b43529dc6f",
                "sha256:10e5622224245941efc193ad1d159887872776df7a8fd592ed746aa25d071840",
                "sha256:18b5ea242dd3e62dbf89b2b0ec9ba6c7b5abaf6af85b95a97b00279f65845a23",
                "sha256:234a6c19f1c14e25e362cb05c68afb7f183eb931dd3cd4605eafff055ebbf287",
                "sha256:244ad78eeb388a43b0c927e74d3af78008e944074b7d0f4f696ddd5b2af43c62",
                "sha256:26464e57ccaafe72b7ad156fdaa4e9b9ef051f69e175dbbb463283000c05ab7b",
                "sha256:41b542c0b3c42dc17da70554bc6f38cbc30d7066d2c2815a94499b5684582ecb",
                "sha256:4a03cbbe743e9c7247ceae6f0d8898f7a64bb65800a45cbdc52d65e370570820",
                "sha256:4be75bebf676a5f0f87937c6ddb061fa39cbea067240d98e298508c1bda6f3f3",
                "sha256:54cd5121383f4a461ff7644c7ca20c0419d58052db70d8791eacbbe31528916b",
                "sha256:589eb6cd6361e8ac341db97602eb7f354551482368a37f4fd086c0733548308e",
                "sha256:8621559dcf5afacf0069ed194278f35c255dc1a1385c28b32dd6c110fd6531b3",
                "sha256:8b223557f9510cf0bfd8b01316bf6dd281cf41826607eada99662f5e4963f316",
                "sha256:99a9fc39470010c45c161a1dc584997f1feb13f689ecf645f59bb4ba623e586b",
                "sha256:a7c6002203fe2c5a1b5cbb141bb85060cbff88c2d78eccbc72d97eb7022c43e4",
                "sha256:a83db7205f60c6a86f2c44a61791d993dff4b73135df1973ecd9eed5ea0bda20",
                "sha256:ac8eed4ca3bd3aadc58a13c2aa93cd8a884bcf21cb019f8cfecaae3b6ce3746e",
                "sha256:e710876437bc07bd414ff453ac8ec63d219e7690128d925c6e82889d674bb505",
                "sha256:ea5cb40a3b23b3265f6325727ddfc45141b08ed665458be8c6285e7b85bd73a1",
                "sha256:fec866a0b59f372b7e776f2d7308511784dace622e0992a0b59ea3ccee0ae833"
            ],
            "markers": "python_full_version >= '3.6.1'",
            "version": "==1.8.2"
        },
        "pyparsing": {
            "hashes": [
                "sha256:c203ec8783bf771a155b207279b9bccb8dea02d8f0c9e5f8ead507bc3246ecc1",
                "sha256:ef9d7589ef3c200abe66653d3f1ab1033c3c419ae9b9bdb1240a85b024efc88b"
            ],
            "markers": "python_version >= '2.6' and python_version not in '3.0, 3.1, 3.2, 3.3'",
            "version": "==2.4.7"
        },
        "pyyaml": {
            "hashes": [
                "sha256:08682f6b72c722394747bddaf0aa62277e02557c0fd1c42cb853016a38f8dedf",
                "sha256:0f5f5786c0e09baddcd8b4b45f20a7b5d61a7e7e99846e3c799b05c7c53fa696",
                "sha256:129def1b7c1bf22faffd67b8f3724645203b79d8f4cc81f674654d9902cb4393",
                "sha256:294db365efa064d00b8d1ef65d8ea2c3426ac366c0c4368d930bf1c5fb497f77",
                "sha256:3b2b1824fe7112845700f815ff6a489360226a5609b96ec2190a45e62a9fc922",
                "sha256:3bd0e463264cf257d1ffd2e40223b197271046d09dadf73a0fe82b9c1fc385a5",
                "sha256:4465124ef1b18d9ace298060f4eccc64b0850899ac4ac53294547536533800c8",
                "sha256:49d4cdd9065b9b6e206d0595fee27a96b5dd22618e7520c33204a4a3239d5b10",
                "sha256:4e0583d24c881e14342eaf4ec5fbc97f934b999a6828693a99157fde912540cc",
                "sha256:5accb17103e43963b80e6f837831f38d314a0495500067cb25afab2e8d7a4018",
                "sha256:607774cbba28732bfa802b54baa7484215f530991055bb562efbed5b2f20a45e",
                "sha256:6c78645d400265a062508ae399b60b8c167bf003db364ecb26dcab2bda048253",
                "sha256:72a01f726a9c7851ca9bfad6fd09ca4e090a023c00945ea05ba1638c09dc3347",
                "sha256:74c1485f7707cf707a7aef42ef6322b8f97921bd89be2ab6317fd782c2d53183",
                "sha256:895f61ef02e8fed38159bb70f7e100e00f471eae2bc838cd0f4ebb21e28f8541",
                "sha256:8c1be557ee92a20f184922c7b6424e8ab6691788e6d86137c5d93c1a6ec1b8fb",
                "sha256:bb4191dfc9306777bc594117aee052446b3fa88737cd13b7188d0e7aa8162185",
                "sha256:bfb51918d4ff3d77c1c856a9699f8492c612cde32fd3bcd344af9be34999bfdc",
                "sha256:c20cfa2d49991c8b4147af39859b167664f2ad4561704ee74c1de03318e898db",
                "sha256:cb333c16912324fd5f769fff6bc5de372e9e7a202247b48870bc251ed40239aa",
                "sha256:d2d9808ea7b4af864f35ea216be506ecec180628aced0704e34aca0b040ffe46",
                "sha256:d483ad4e639292c90170eb6f7783ad19490e7a8defb3e46f97dfe4bacae89122",
                "sha256:dd5de0646207f053eb0d6c74ae45ba98c3395a571a2891858e87df7c9b9bd51b",
                "sha256:e1d4970ea66be07ae37a3c2e48b5ec63f7ba6804bdddfdbd3cfd954d25a82e63",
                "sha256:e4fac90784481d221a8e4b1162afa7c47ed953be40d31ab4629ae917510051df",
                "sha256:fa5ae20527d8e831e8230cbffd9f8fe952815b2b7dae6ffec25318803a7528fc",
                "sha256:fd7f6999a8070df521b6384004ef42833b9bd62cfee11a09bda1079b4b704247",
                "sha256:fdc842473cd33f45ff6bce46aea678a54e3d21f1b61a7750ce3c498eedfe25d6",
                "sha256:fe69978f3f768926cfa37b867e3843918e012cf83f680806599ddce33c2c68b0"
            ],
            "markers": "python_version >= '2.7' and python_version not in '3.0, 3.1, 3.2, 3.3, 3.4, 3.5'",
            "version": "==5.4.1"
        },
        "regex": {
            "hashes": [
                "sha256:026beb631097a4a3def7299aa5825e05e057de3c6d72b139c37813bfa351274b",
                "sha256:14caacd1853e40103f59571f169704367e79fb78fac3d6d09ac84d9197cadd16",
                "sha256:16d9eaa8c7e91537516c20da37db975f09ac2e7772a0694b245076c6d68f85da",
                "sha256:18fdc51458abc0a974822333bd3a932d4e06ba2a3243e9a1da305668bd62ec6d",
                "sha256:28e8af338240b6f39713a34e337c3813047896ace09d51593d6907c66c0708ba",
                "sha256:3835de96524a7b6869a6c710b26c90e94558c31006e96ca3cf6af6751b27dca1",
                "sha256:3905c86cc4ab6d71635d6419a6f8d972cab7c634539bba6053c47354fd04452c",
                "sha256:3c09d88a07483231119f5017904db8f60ad67906efac3f1baa31b9b7f7cca281",
                "sha256:4551728b767f35f86b8e5ec19a363df87450c7376d7419c3cac5b9ceb4bce576",
                "sha256:459bbe342c5b2dec5c5223e7c363f291558bc27982ef39ffd6569e8c082bdc83",
                "sha256:4f421e3cdd3a273bace013751c345f4ebeef08f05e8c10757533ada360b51a39",
                "sha256:577737ec3d4c195c4aef01b757905779a9e9aee608fa1cf0aec16b5576c893d3",
                "sha256:57fece29f7cc55d882fe282d9de52f2f522bb85290555b49394102f3621751ee",
                "sha256:7976d410e42be9ae7458c1816a416218364e06e162b82e42f7060737e711d9ce",
                "sha256:85f568892422a0e96235eb8ea6c5a41c8ccbf55576a2260c0160800dbd7c4f20",
                "sha256:8764a78c5464ac6bde91a8c87dd718c27c1cabb7ed2b4beaf36d3e8e390567f9",
                "sha256:8935937dad2c9b369c3d932b0edbc52a62647c2afb2fafc0c280f14a8bf56a6a",
                "sha256:8fe58d9f6e3d1abf690174fd75800fda9bdc23d2a287e77758dc0e8567e38ce6",
                "sha256:937b20955806381e08e54bd9d71f83276d1f883264808521b70b33d98e4dec5d",
                "sha256:9569da9e78f0947b249370cb8fadf1015a193c359e7e442ac9ecc585d937f08d",
                "sha256:a3b73390511edd2db2d34ff09aa0b2c08be974c71b4c0505b4a048d5dc128c2b",
                "sha256:a4eddbe2a715b2dd3849afbdeacf1cc283160b24e09baf64fa5675f51940419d",
                "sha256:a5c6dbe09aff091adfa8c7cfc1a0e83fdb8021ddb2c183512775a14f1435fe16",
                "sha256:b63e3571b24a7959017573b6455e05b675050bbbea69408f35f3cb984ec54363",
                "sha256:bb350eb1060591d8e89d6bac4713d41006cd4d479f5e11db334a48ff8999512f",
                "sha256:bf6d987edd4a44dd2fa2723fca2790f9442ae4de2c8438e53fcb1befdf5d823a",
                "sha256:bfa6a679410b394600eafd16336b2ce8de43e9b13f7fb9247d84ef5ad2b45e91",
                "sha256:c856ec9b42e5af4fe2d8e75970fcc3a2c15925cbcc6e7a9bcb44583b10b95e80",
                "sha256:cea56288eeda8b7511d507bbe7790d89ae7049daa5f51ae31a35ae3c05408531",
                "sha256:ea212df6e5d3f60341aef46401d32fcfded85593af1d82b8b4a7a68cd67fdd6b",
                "sha256:f35567470ee6dbfb946f069ed5f5615b40edcbb5f1e6e1d3d2b114468d505fc6",
                "sha256:fbc20975eee093efa2071de80df7f972b7b35e560b213aafabcec7c0bd00bd8c",
                "sha256:ff4a8ad9638b7ca52313d8732f37ecd5fd3c8e3aff10a8ccb93176fd5b3812f6"
            ],
            "version": "==2021.8.3"
        },
        "requests": {
            "hashes": [
                "sha256:6c1246513ecd5ecd4528a0906f910e8f0f9c6b8ec72030dc9fd154dc1a6efd24",
                "sha256:b8aa58f8cf793ffd8782d3d8cb19e66ef36f7aba4353eec859e74678b01b07a7"
            ],
            "markers": "python_version >= '2.7' and python_version not in '3.0, 3.1, 3.2, 3.3, 3.4, 3.5'",
            "version": "==2.26.0"
        },
        "sacremoses": {
            "hashes": [
                "sha256:58176cc28391830789b763641d0f458819bebe88681dac72b41a19c0aedc07e9",
                "sha256:fa93db44bc04542553ba6090818b892f603d02aa0d681e6c5c3023baf17e8564"
            ],
            "version": "==0.0.45"
        },
        "sentencepiece": {
            "hashes": [
                "sha256:1dac8c2ad02b5ebc1179c0a14cbc7d7c6f4fd73d4dd51820626402d0aefc974e",
                "sha256:26d20d713b3ba1b7a19205336afb1e93a4327c372b2f795e907b8dc2315ac92e",
                "sha256:335bf84d72112cc91f3c3b691d61802fc963503b7772fd8280d20368048b8f3e",
                "sha256:36e9ff61e7b67c5b7ee96733613622620b4802fc8cf188a4dbc1f355b03dde02",
                "sha256:384148cead5cdab34a4d74fe1fb6a5a8abaafed25eaa4a7698b49dd9482e4c4e",
                "sha256:3c703e68ea192e45b65c5d5836f6980849d828a18da4189899d7150fad82dc9e",
                "sha256:3e61e0757e49c306fff78ea75d6b75773418fe22214b4a460959203be934e834",
                "sha256:466e381f0a812da8fda97a9707498cef3210ea8385a3421bcbadcb5384063969",
                "sha256:48c6d13b3bfff08060c138248e85df60f6fad11135ad7a8fc2ef6005aacca839",
                "sha256:4997c7ccf2ae462320250314aa5709a88d8a09fa271d073458a07bebf33f8e7c",
                "sha256:5388882bb24d083f6cc8cffc5c435f3694a7772b018e06ea6fd84d1044009efb",
                "sha256:5513298d62fe63dd0862d08a6eb52a9aa3537006f597f2386184e3f95bb88889",
                "sha256:78e18d9106c36dcca929e18fd2c412378deac661d47fa3ee25defc55eef8a215",
                "sha256:8179785883b556cd517416cdbda6244745414b00ec83132cfe1d26000971f3ae",
                "sha256:81bb77ba3651114943b2f8f77829cf764137dff06e38f4bf7fa43efea12c7f84",
                "sha256:89c038da7f827a6e2ca4c73aeb4e4b25b99d981ce47dd61b04d446c8200cba1e",
                "sha256:940a6999c7d3f55e9d7b194fd5e1f41a7dbed26d3519fb95333216292a39599e",
                "sha256:99ea2d9db19e63a2d17d5dc64f9ace83fb9308a735be05a1aaf98eb4b496fba7",
                "sha256:9bdf097d5bd1d8ce42dfee51f6ff05f5578b96e48c6f6006aa4eff69edfa3639",
                "sha256:a336575463d75d3aac1f7e32470b8998643ccd9a73786bd726f6b0470520b6b4",
                "sha256:a697257a2cd7581732d7741a8d32a06927f0311c3d277dbc47fa1043350c9d17",
                "sha256:a92e1932ee8fd500680ccbe1bf53eb33228f4c9d6524ed6f300bcc80ac359f27",
                "sha256:aeb090ad462833df03af1debce4ae607a2766ef861f992003ad0c56d074ab805",
                "sha256:b1c24c1d9405b2148184ff27c062493d5e3be5c144575f95b5a0d7c660a515af",
                "sha256:b77d27f59d515c43b61745b8173fbe7c7b3014b14b3702a75bf1793471e7def6",
                "sha256:b8b1dd2712f8a7de5b4c8ec912e6c041d25750bf03e1ce325cdba43bae0944ae",
                "sha256:bedf0355117fb4e9b1fc9fc92b4d5ee743a7d468be9f6196e3b94447710ea589",
                "sha256:cc969e6694fb27fba7cee2953f350804faf03913f25ae1ee713a7b8a1bc08018",
                "sha256:d45e3f78e746aa161bc9f5a31c6a2839c512101113a4065f4d2e7a3ab8198d8c",
                "sha256:d501713a8396193883aa526f48dc609f5f031a5df1afbafa561cf9ab492ffc76",
                "sha256:d954d25a8705f972e8bfc1dea5464d7e697dd6f4ade092f1a487387e6d6c829a",
                "sha256:dadccb2e49244b6e64b4527d13ec14d5e094a90b41cf9b963e457e64182f1941",
                "sha256:e811984b0908c14c56de7d8226fdd494d87a7ccb75af8ac3a07423037aaafc35",
                "sha256:e88354b61f59dfdeb41023f7be8ae31dc627c2dc2dacbc2de8b2d82a0997135c",
                "sha256:e8ec5bb6777e2060e1499750c50e1b69dca5a0f80f90f2c66656c5f3e5244593",
                "sha256:e9e9fe8094ca57549d801e9a2017ac5c24108bbf485ea4f8994a72e8e96ee135",
                "sha256:eba0471ab0bb2e07ed06d91ecf5185d402c83d194155a41d8e2aa547d187712e",
                "sha256:ef59ba19340dc1d002ce5713b911c0ef23c577b08f8ed57998ee3c8e62c5bf6e",
                "sha256:f8c90df663cd9759b2cf8dd29998b63140ac39e51ada2e739dc13bdac0b4f001",
                "sha256:f8cb24d8d0b2f8b7463815a59183eb81ec1d7a06e3217bed456063f3303eddfb",
                "sha256:fd907a8f744e5337de7fc532dd800c4416b571ea47f8c3c66be10cd1bc67c925",
                "sha256:ff7d752a7f82d87711ec1a95c2262cb74f98be5b457f0300d81a1aefe5be2a95"
            ],
            "index": "pypi",
            "version": "==0.1.96"
        },
        "six": {
            "hashes": [
                "sha256:1e61c37477a1626458e36f7b1d82aa5c9b094fa4802892072e49de9c60c4c926",
                "sha256:8abb2f1d86890a2dfb989f9a77cfcfd3e47c2a354b01111771326f8aa26e0254"
            ],
            "markers": "python_version >= '2.7' and python_version not in '3.0, 3.1, 3.2, 3.3'",
            "version": "==1.16.0"
        },
        "smart-open": {
            "hashes": [
                "sha256:308f439ed01a8c7a97727c354e80d1786acadd2ae1cdd190fc787bb1f48c1245",
                "sha256:c670c977cd4c66e91097fc3cda57ceec09f1d660019225b6bd870523c02ef516"
            ],
            "markers": "python_version >= '3.6' and python_version < '4'",
            "version": "==5.2.0"
        },
        "spacy": {
            "hashes": [
                "sha256:0472162a8a46adcbde2390517657928b2c09cc506ca7835def4ff49ba3dc1bd4",
                "sha256:04d6b4f29eb737e89c2f31d99cef976f7fd9288412e32a74b48a81349bc7a156",
                "sha256:05730587cd620148a9fc824aea097a3848e955f2d01b8181a6dfb795c351a061",
                "sha256:4bc38a83d48d6e57f0db88ee8d0683540b97aabc1102797366a0f345e7dc4288",
                "sha256:4e7114d3c35820ef4d0c972cb717788291fc7131da379d5c76773e79a92d9de8",
                "sha256:62a98490cf7fd2ed161da185579c037df1f35cde46049d39bd222fe241595176",
                "sha256:667a7fd991b49a99403f47003d6b28fd9d1ad0e79d022823b0f608e55660ce06",
                "sha256:77a0f78d7e65335e5fae13af7e55684770c76a0457ee1baac414ddb89b5df6e4",
                "sha256:a50d9eba682c4f33daef34af84021a1b072aef7776793a712b602056ece724be",
                "sha256:cb6e01bead3c99deb2d5f9cfc9cc7ac033bbfa16106bfe232681581e1772a4b6",
                "sha256:e15e12b3a9ce9f4c631e5047147eb92309f9b9cbcbf7f4a81e72c822f886af27",
                "sha256:ee4051e81022168999de9faca85ec2c71a54a28c0d5a6a77edb4da950497b688",
                "sha256:fee107573987df50e1c692bd62dfc54a3e36dcb1498ae370b3a381e9ddb0b719"
            ],
            "index": "pypi",
            "version": "==3.1.1"
        },
        "spacy-legacy": {
            "hashes": [
                "sha256:b4725c5c161f0685ab4fce3fc912bc68aefdb7e102ba9848e852bb5842256c2f",
                "sha256:eb37a3540bb461b5fe9348d4976784f18a0e345982e41e2c5c7cd8229889e825"
            ],
            "markers": "python_version >= '3.6'",
            "version": "==3.0.8"
        },
        "srsly": {
            "hashes": [
                "sha256:129c85db752b5945c6398a1952294e03b7d20fa111eb7fd1083c4a6b1d02f7c7",
                "sha256:178aa6d350c9cfedb8adadb5e1f96b7aadde203d088917063415fcd689eb6e42",
                "sha256:20f11d5d6ae29e3cc97e93c862d7bf8b75023668daf1ac5892598c512302e5d3",
                "sha256:76b11e0ec0056bda4ad009b6e0db37f3ad0005a0501d587080023d4312ad2ada",
                "sha256:867d1154ff7b60043584fe048de9b6d9a7d5a7fc61437850922ae4bd46d3be16",
                "sha256:869fdcf664edf20cd374cf1add869d67960061276478025a5887e080d8f99e1c",
                "sha256:9625a584b26e522b6afb7c24be8783228ff44d7ac624e500020b0b888e09c6b6",
                "sha256:b0f2aec0a329e6e7e742a0a60e99a74968ca29be71f35c5c4de221e328176926",
                "sha256:b1bd4a55bafbb8cf86be15bf18aa2ba2c953161ad71ce7d2dae0c141201a7d89",
                "sha256:cefe06912f3944b5729d555ee110f434a0787843c6676b90f4987ff7a0a69500",
                "sha256:e896d516ca2e2e89cc01df8c9c8b1528701d6f49e9c814332582cc701af64a91",
                "sha256:f7c3374184bfb1aa852bcb8e45747b02f2dde0ebe62b4ddf4b0141affeab32e1",
                "sha256:ff36dc01df8890a239e5d15cffa3ae3b272c19e5ae279840f2d30085d361c20a"
            ],
            "markers": "python_version >= '3.6'",
            "version": "==2.4.1"
        },
        "starlette": {
            "hashes": [
                "sha256:3c8e48e52736b3161e34c9f0e8153b4f32ec5d8995a3ee1d59410d92f75162ed",
                "sha256:7d49f4a27f8742262ef1470608c59ddbc66baf37c148e938c7038e6bc7a998aa"
            ],
            "markers": "python_version >= '3.6'",
            "version": "==0.14.2"
        },
        "thinc": {
            "hashes": [
                "sha256:03a0e2679363fafe0c7312dc9eb46697b6fa3e65ffa7a1702ea369e93389fbfd",
                "sha256:101047df534a4861ba6fab25a1849c673c83536e067bd917ae735aeb9090fb52",
                "sha256:37c31b83f46372283d5f394db9272d35ec6c26b8a0481f1b1995f9ed0cb72a47",
                "sha256:68401890470062eaa3bcd0cd0bc5ad52a6fa77da87336a927df18c21dbf0ba30",
                "sha256:6901e6d7dbb5cf08d1877920e893fe6d721627c946004a495f77c151bf07eb72",
                "sha256:6d0303de94e12cd288fdffebef97a460fc95700a527d4e898548477be5406a25",
                "sha256:793cb9113b36df6607089806d9d08b371748b201dda05150f7f531cd63df84b8",
                "sha256:998b87d6cd334b5bf080ef5594bc0d1afda36d088deffc1caf7e8fe0bae553c6",
                "sha256:9f7c5381e804d641fff39061d3b9e01feb25790282aa8ed6684c62b8e2731e7f",
                "sha256:c37c96335d74b34e8128569070c0e17e13a213c9564a3553e44c3769a948a35e",
                "sha256:cf2abbd99c56f21b8804f31f995460515d95a5c5988be39e0964469e0070987b",
                "sha256:d0f46905fdd737a8090609ddc54a48f70fa997e5b304d8c362db93b95365646d",
                "sha256:e35ff1cea8b1ec73fed5c04923ee88ec4799e7948496fe7eca1f754019da87e7"
            ],
            "markers": "python_version >= '3.6'",
            "version": "==8.0.8"
        },
        "tokenizers": {
            "hashes": [
                "sha256:069e30baedbfb098390e03af1701c95c87d024055c82842e4b2d699a0d49d3db",
                "sha256:07e321f46df4ecf8f7919b260f67d4df18151e50eddfaaa8ef7ba80ed473a79a",
                "sha256:1c5aef76b8c9f1fed979a1943cfde2a1707a396a24dc3c09d510e06b3b8a3f3d",
                "sha256:2739e9d44cfbd9b3e4339a279e7037c572757763bb09faa9727ae35c93f79623",
                "sha256:290eceb99780d5ef5de89968bb6a9bcf912d6ea79578107e9c8bc1386f490389",
                "sha256:296c741df0ceec93946f030e6b94c6fa975f17823cdf0bdf0989654eee277b54",
                "sha256:2ef2ac8e03b9cdc4b7d3be8a84dc411ce264abdb694cfc198e6ba9d22f5c1381",
                "sha256:3a343b703bd4e174de3b126702418c7924bd68a95a25b43cbb590d1c2e7a4034",
                "sha256:3da95c8f9bea55e261376972d0d461bd6a4bd02913c5b3942c087801c8631b65",
                "sha256:3e7e526fafaae5d7360570be0ec6f1331e3e962bafa262f6a357ba6bd850f8df",
                "sha256:484939ddea9689454156f4d2ee96032ebefddff1dc174caafa9a28c919f3c85d",
                "sha256:4f42453c86dcabbc3c19c3ec166d693843ffa80543982e3150209e3ca274a322",
                "sha256:57c37a312ba56060129f2ad075f852e83bae205df1a5f34db50e6da2e0432805",
                "sha256:5dd957cfd1109e56ff895dfce14d1be16bd9399ce98999b60cf0e8e21243d34c",
                "sha256:60a2f5a33e7846817ce54a5ddd2f61108e95aaccf579caeaea0bba7b6a0a9222",
                "sha256:62c21682a4a8dd8cc8eecf68d3a1c058b5c912f0b792a5e0507e0afd7524f56c",
                "sha256:6b70f446bf57c4447d7a192ffaa4f5a883fee99524d76c694025ae05942065a1",
                "sha256:6f9f5ac1a1c67dec947e0a28905ea017a826926faa9a827eff1792012632a2f5",
                "sha256:729954ba7f650a3965f1b3e481c57da1c372b9d3fe1d70b0a25c711543e48300",
                "sha256:81c35b4bc9238c0b5d0af91a719e732a60ee0d87d8bf76615bfec8f3e3ba8f15",
                "sha256:8f5d2a1d6d4a502ead87af60aaec9fdd943e3f298dfa302fe139c0c357f553e5",
                "sha256:917157a63c919c44888bf9d13f8aae43a8b409d1dba831caafd47b4aee0ea917",
                "sha256:95d59780e202abf43f150225dc1fd09ac67fb49cc8d93e437a27f3e4593fe64c",
                "sha256:99eb29009bb23548edd98f01fabb6df24c99ce55456f1c0910204996c7211920",
                "sha256:9c4aedbd763dbf929a27073bb6e569bd454bf79c409f3f6920fa0f4db12abe51",
                "sha256:a7a4c5c59f9896601467807a92b32eb64970b3210bed6d8f1e87c14f1da17496",
                "sha256:adb5566b37fae9a01bd6ecd86a85e71f421df4ab481822b9dd6dae446d6f37d1",
                "sha256:bcb2c07cc052f45419a1aac1bfef96de69cd0677c53f901f5dcba5bfa4361575",
                "sha256:c96b0c985ab6073c901767df3d77e96dc208ab391ad94d5a0b9b5211d6e1729c",
                "sha256:cd045b3b79e04c0278c3d5f02ca2bbab2fe351fdb489e8441b231da12bea41de",
                "sha256:d212515cb0c44ef884009169fb9b7c6a3efa540b3fa497620a0915624a7d21b6",
                "sha256:d2bc2eab13002f06fb987be9d762654acf3c0909a7a8c4e822fe7ebaa7a2a09d",
                "sha256:dd399f58c26d18d2ee6ffd647c5ec9365c910bed9004e5ddaea5842ff533bcec",
                "sha256:e035deb888de33bf7bce3f004c9f815090f74498fe867d8a4ce4d33964db4068",
                "sha256:e380e87600430aa9e5b32757e3ffcfa25744ea14d010585d8ca817097bd1f4f7",
                "sha256:eabea1bdf9d525ca316e72bfc94e41c8e9b42b8fe8e4cbd01d0a4f520e25276f",
                "sha256:eae53cbdd4ce50d7fe37e9d4e49019023205065ceac6f373bb656038937e42ec",
                "sha256:ed236e0ea8c3369cb3bb65a206c2b186e50a3779b03cfca1a92e0ce0b272caab",
                "sha256:eea64d50897234f2df0301c53412d6dc5810688ad73b75e661e53fe698d33e71",
                "sha256:f405c9f0c0f77f9f6500b7c8587eacc122d1a0256ff55bcbef219ed94201b8f8",
                "sha256:fecfcb95c23ce6ebb4834156e78cb6a4cf883b37102c8dd46bc8bd3b5244c3d5"
            ],
            "index": "pypi",
            "version": "==0.10.1"
        },
        "torch": {
            "hashes": [
                "sha256:0164673908e6b291ace592d382eba3e258b3bad009b8078cad8f3b9e00d8f23e",
                "sha256:0a9e74b5057463ce4e55d9332a5670993fc9e1299c52e1740e505eda106fb355",
                "sha256:0aa4cca3f16fab40cb8dae6a49d0eccdc8f4ead9d1a6428cd9ba12befe082b2a",
                "sha256:117098d4924b260a24a47c6b3fe37f2ae41f04a2ea2eff9f553ae9210b12fa54",
                "sha256:1d8139dcc864f48dc316376384f50e47a459284ad1cb84449242f4964e25aaec",
                "sha256:3a2d070cf28860d285d4ab156f3954c0c1d12f4c037aa312a7c029227c0d106b",
                "sha256:52548b45efff772fe3810fe91daf34f981ac0ca1a7227f6226fd5693f53b5b88",
                "sha256:569ead6ae6bb0e636df0fc8af660ef03260e630dc5f2f4cf3198027e7b6bb481",
                "sha256:62c0a7e433681d0861494d1ede96d2485e4dbb3ea8fd867e8419addebf5de1af",
                "sha256:646de1bef85d6c7590e98f8ea52e47acdcf58330982e4f5d73f5ca28dea2d552",
                "sha256:7e2b14fe5b3a8266cbe2f6740c0195497507974ced7bc21e99971561913a0c28",
                "sha256:8a2b2012b3c7d6019e189496688fa77de7029a220840b406d8302d1c8021a11c",
                "sha256:95eeec3a6c42fd35aca552777b7d9979ed489760423de97c0118a45e849a61f4",
                "sha256:b296e65e25081af147af936f1e3a1f17f583a9afacfa5309742678ffef728ace",
                "sha256:d6103b9a634993bd967337a1149f9d8b23922f42a3660676239399e15c1b4515",
                "sha256:d88333091fd1627894bbf0d6dcef58a90e36bdf0d90a5d4675b5e07e72075511",
                "sha256:e596f0105f748cf09d4763152d8157aaf58d5231232eaf2c5673d4562ba86ad3",
                "sha256:ecc7193fff7741ced3db1f760666c8454d6664956288c54d1b49613b987a42f4"
            ],
            "index": "pypi",
            "version": "==1.9.0"
        },
        "tqdm": {
            "hashes": [
                "sha256:07856e19a1fe4d2d9621b539d3f072fa88c9c1ef1f3b7dd4d4953383134c3164",
                "sha256:35540feeaca9ac40c304e916729e6b78045cbbeccd3e941b2868f09306798ac9"
            ],
            "markers": "python_version >= '2.7' and python_version not in '3.0, 3.1, 3.2, 3.3'",
            "version": "==4.62.1"
        },
        "transformers": {
            "git": "https://github.com/huggingface/transformers",
            "ref": "1fec32adc6a4840123d5ec5ff5cf419c02342b5a"
        },
        "typer": {
            "hashes": [
                "sha256:5455d750122cff96745b0dec87368f56d023725a7ebc9d2e54dd23dc86816303",
                "sha256:ba58b920ce851b12a2d790143009fa00ac1d05b3ff3257061ff69dbdfc3d161b"
            ],
            "markers": "python_version >= '3.6'",
            "version": "==0.3.2"
        },
        "typing-extensions": {
            "hashes": [
                "sha256:0ac0f89795dd19de6b97debb0c6af1c70987fd80a2d62d1958f7e56fcc31b497",
                "sha256:50b6f157849174217d0656f99dc82fe932884fb250826c18350e159ec6cdf342",
                "sha256:779383f6086d90c99ae41cf0ff39aac8a7937a9283ce0a414e5dd782f4c94a84"
            ],
            "version": "==3.10.0.0"
        },
        "urllib3": {
            "hashes": [
                "sha256:39fb8672126159acb139a7718dd10806104dec1e2f0f6c88aab05d17df10c8d4",
                "sha256:f57b4c16c62fa2760b7e3d97c35b255512fb6b59a259730f36ba32ce9f8e342f"
            ],
            "markers": "python_version >= '2.7' and python_version not in '3.0, 3.1, 3.2, 3.3, 3.4' and python_version < '4'",
            "version": "==1.26.6"
        },
        "uvicorn": {
            "hashes": [
                "sha256:17f898c64c71a2640514d4089da2689e5db1ce5d4086c2d53699bf99513421c1",
                "sha256:d9a3c0dd1ca86728d3e235182683b4cf94cd53a867c288eaeca80ee781b2caff"
            ],
            "index": "pypi",
            "version": "==0.15.0"
        },
        "wasabi": {
            "hashes": [
                "sha256:a493e09d86109ec6d9e70d040472f9facc44634d4ae6327182f94091ca73a490",
                "sha256:b4a36aaa9ca3a151f0c558f269d442afbb3526f0160fd541acd8a0d5e5712054"
            ],
            "version": "==0.8.2"
        }
    },
    "develop": {}
}
